
Microsoft Visual Studio Solution File, Format Version 12.00
# Visual Studio Version 16
VisualStudioVersion = 16.0.30611.23
MinimumVisualStudioVersion = 10.0.40219.1
Project("{FAE04EC0-301F-11D3-BF4B-00C04F79EFBC}") = "LinkedListOperation", "LinkedListOperation\LinkedListOperation.csproj", "{F319CB0A-4456-4C68-9A02-4040466869DA}"
EndProject
Global
	GlobalSection(SolutionConfigurationPlatforms) = preSolution
		Debug|Any CPU = Debug|Any CPU
		Release|Any CPU = Release|Any CPU
	EndGlobalSection
	GlobalSection(ProjectConfigurationPlatforms) = postSolution
		{F319CB0A-4456-4C68-9A02-4040466869DA}.Debug|Any CPU.ActiveCfg = Debug|Any CPU
		{F319CB0A-4456-4C68-9A02-4040466869DA}.Debug|Any CPU.Build.0 = Debug|Any CPU
		{F319CB0A-4456-4C68-9A02-4040466869DA}.Release|Any CPU.ActiveCfg = Release|Any CPU
		{F319CB0A-4456-4C68-9A02-4040466869DA}.Release|Any CPU.Build.0 = Release|Any CPU
	EndGlobalSection
	GlobalSection(SolutionProperties) = preSolution
		HideSolutionNode = FALSE
	EndGlobalSection
	GlobalSection(ExtensibilityGlobals) = postSolution
		SolutionGuid = {27632D43-9968-46C0-B562-E28D4C04A74C}
	EndGlobalSection
EndGlobal
